
Microsoft Visual Studio Solution File, Format Version 12.00
# Visual Studio Version 16
VisualStudioVersion = 16.0.31515.178
MinimumVisualStudioVersion = 10.0.40219.1
Project("{FAE04EC0-301F-11D3-BF4B-00C04F79EFBC}") = "As2ConsoleApp", "As2ConsoleApp.csproj", "{FE267EF5-803B-4E3D-8C14-8AB666D70DFC}"
EndProject
Global
	GlobalSection(SolutionConfigurationPlatforms) = preSolution
		Debug|Any CPU = Debug|Any CPU
		Release|Any CPU = Release|Any CPU
	EndGlobalSection
	GlobalSection(ProjectConfigurationPlatforms) = postSolution
		{FE267EF5-803B-4E3D-8C14-8AB666D70DFC}.Debug|Any CPU.ActiveCfg = Debug|Any CPU
		{FE267EF5-803B-4E3D-8C14-8AB666D70DFC}.Debug|Any CPU.Build.0 = Debug|Any CPU
		{FE267EF5-803B-4E3D-8C14-8AB666D70DFC}.Release|Any CPU.ActiveCfg = Release|Any CPU
		{FE267EF5-803B-4E3D-8C14-8AB666D70DFC}.Release|Any CPU.Build.0 = Release|Any CPU
	EndGlobalSection
	GlobalSection(SolutionProperties) = preSolution
		HideSolutionNode = FALSE
	EndGlobalSection
	GlobalSection(ExtensibilityGlobals) = postSolution
		SolutionGuid = {948AC50C-1B99-465F-ABA3-861E55DB7C55}
	EndGlobalSection
EndGlobal
